
Microsoft Visual Studio Solution File, Format Version 12.00
# Visual Studio Version 17
VisualStudioVersion = 17.1.32407.343
MinimumVisualStudioVersion = 10.0.40219.1
Project("{FAE04EC0-301F-11D3-BF4B-00C04F79EFBC}") = "BarberWebShop", "BarberWebShop\BarberWebShop.csproj", "{60FE9F4C-62E8-4E52-851D-5981E94CC252}"
EndProject
Global
	GlobalSection(SolutionConfigurationPlatforms) = preSolution
		Debug|Any CPU = Debug|Any CPU
		Release|Any CPU = Release|Any CPU
	EndGlobalSection
	GlobalSection(ProjectConfigurationPlatforms) = postSolution
		{60FE9F4C-62E8-4E52-851D-5981E94CC252}.Debug|Any CPU.ActiveCfg = Debug|Any CPU
		{60FE9F4C-62E8-4E52-851D-5981E94CC252}.Debug|Any CPU.Build.0 = Debug|Any CPU
		{60FE9F4C-62E8-4E52-851D-5981E94CC252}.Release|Any CPU.ActiveCfg = Release|Any CPU
		{60FE9F4C-62E8-4E52-851D-5981E94CC252}.Release|Any CPU.Build.0 = Release|Any CPU
	EndGlobalSection
	GlobalSection(SolutionProperties) = preSolution
		HideSolutionNode = FALSE
	EndGlobalSection
	GlobalSection(ExtensibilityGlobals) = postSolution
		SolutionGuid = {60D761AF-7BCB-42B3-8E4F-0D3811871E40}
	EndGlobalSection
EndGlobal
